
Microsoft Visual Studio Solution File, Format Version 12.00
# Visual Studio Version 16
VisualStudioVersion = 16.0.34114.132
MinimumVisualStudioVersion = 10.0.40219.1
Project("{FAE04EC0-301F-11D3-BF4B-00C04F79EFBC}") = "JA_projekt", "JA_projekt\JA_projekt.csproj", "{00312994-3309-4FD5-A12D-E0E4BE1AB816}"
	ProjectSection(ProjectDependencies) = postProject
		{A6F33426-E429-4439-9A6C-8A5564950967} = {A6F33426-E429-4439-9A6C-8A5564950967}
		{E98C3FBF-5265-44D8-837B-589EB5C2788E} = {E98C3FBF-5265-44D8-837B-589EB5C2788E}
	EndProjectSection
EndProject
Project("{8BC9CEB8-8B4A-11D0-8D11-00A0C91BC942}") = "CppLib", "CppLib\CppLib.vcxproj", "{E98C3FBF-5265-44D8-837B-589EB5C2788E}"
EndProject
Project("{8BC9CEB8-8B4A-11D0-8D11-00A0C91BC942}") = "AsmLib", "AsmLib\AsmLib.vcxproj", "{A6F33426-E429-4439-9A6C-8A5564950967}"
EndProject
Global
	GlobalSection(SolutionConfigurationPlatforms) = preSolution
		Debug|Any CPU = Debug|Any CPU
		Debug|x64 = Debug|x64
		Debug|x86 = Debug|x86
		Release|Any CPU = Release|Any CPU
		Release|x64 = Release|x64
		Release|x86 = Release|x86
	EndGlobalSection
	GlobalSection(ProjectConfigurationPlatforms) = postSolution
		{00312994-3309-4FD5-A12D-E0E4BE1AB816}.Debug|Any CPU.ActiveCfg = Debug|x86
		{00312994-3309-4FD5-A12D-E0E4BE1AB816}.Debug|Any CPU.Build.0 = Debug|x86
		{00312994-3309-4FD5-A12D-E0E4BE1AB816}.Debug|x64.ActiveCfg = Debug|x64
		{00312994-3309-4FD5-A12D-E0E4BE1AB816}.Debug|x64.Build.0 = Debug|x64
		{00312994-3309-4FD5-A12D-E0E4BE1AB816}.Debug|x86.ActiveCfg = Debug|x86
		{00312994-3309-4FD5-A12D-E0E4BE1AB816}.Debug|x86.Build.0 = Debug|x86
		{00312994-3309-4FD5-A12D-E0E4BE1AB816}.Release|Any CPU.ActiveCfg = Release|Any CPU
		{00312994-3309-4FD5-A12D-E0E4BE1AB816}.Release|Any CPU.Build.0 = Release|Any CPU
		{00312994-3309-4FD5-A12D-E0E4BE1AB816}.Release|x64.ActiveCfg = Release|x64
		{00312994-3309-4FD5-A12D-E0E4BE1AB816}.Release|x64.Build.0 = Release|x64
		{00312994-3309-4FD5-A12D-E0E4BE1AB816}.Release|x86.ActiveCfg = Release|Any CPU
		{00312994-3309-4FD5-A12D-E0E4BE1AB816}.Release|x86.Build.0 = Release|Any CPU
		{E98C3FBF-5265-44D8-837B-589EB5C2788E}.Debug|Any CPU.ActiveCfg = Debug|Win32
		{E98C3FBF-5265-44D8-837B-589EB5C2788E}.Debug|Any CPU.Build.0 = Debug|Win32
		{E98C3FBF-5265-44D8-837B-589EB5C2788E}.Debug|x64.ActiveCfg = Debug|x64
		{E98C3FBF-5265-44D8-837B-589EB5C2788E}.Debug|x64.Build.0 = Debug|x64
		{E98C3FBF-5265-44D8-837B-589EB5C2788E}.Debug|x86.ActiveCfg = Debug|Win32
		{E98C3FBF-5265-44D8-837B-589EB5C2788E}.Debug|x86.Build.0 = Debug|Win32
		{E98C3FBF-5265-44D8-837B-589EB5C2788E}.Release|Any CPU.ActiveCfg = Release|Win32
		{E98C3FBF-5265-44D8-837B-589EB5C2788E}.Release|x64.ActiveCfg = Release|x64
		{E98C3FBF-5265-44D8-837B-589EB5C2788E}.Release|x64.Build.0 = Release|x64
		{E98C3FBF-5265-44D8-837B-589EB5C2788E}.Release|x86.ActiveCfg = Release|Win32
		{E98C3FBF-5265-44D8-837B-589EB5C2788E}.Release|x86.Build.0 = Release|Win32
		{A6F33426-E429-4439-9A6C-8A5564950967}.Debug|Any CPU.ActiveCfg = Debug|Win32
		{A6F33426-E429-4439-9A6C-8A5564950967}.Debug|x64.ActiveCfg = Debug|x64
		{A6F33426-E429-4439-9A6C-8A5564950967}.Debug|x64.Build.0 = Debug|x64
		{A6F33426-E429-4439-9A6C-8A5564950967}.Debug|x86.ActiveCfg = Debug|Win32
		{A6F33426-E429-4439-9A6C-8A5564950967}.Debug|x86.Build.0 = Debug|Win32
		{A6F33426-E429-4439-9A6C-8A5564950967}.Release|Any CPU.ActiveCfg = Release|Win32
		{A6F33426-E429-4439-9A6C-8A5564950967}.Release|x64.ActiveCfg = Release|x64
		{A6F33426-E429-4439-9A6C-8A5564950967}.Release|x64.Build.0 = Release|x64
		{A6F33426-E429-4439-9A6C-8A5564950967}.Release|x86.ActiveCfg = Release|Win32
		{A6F33426-E429-4439-9A6C-8A5564950967}.Release|x86.Build.0 = Release|Win32
	EndGlobalSection
	GlobalSection(SolutionProperties) = preSolution
		HideSolutionNode = FALSE
	EndGlobalSection
	GlobalSection(ExtensibilityGlobals) = postSolution
		SolutionGuid = {825661A7-E98E-4EF5-9626-240E82394CA7}
	EndGlobalSection
EndGlobal
